<?xml version="1.0" encoding="utf-8"?>
<Project ToolsVersion="4.0" xmlns="http://schemas.microsoft.com/developer/msbuild/2003">
  <ItemGroup>
    <Filter Include="Header Files">
      <UniqueIdentifier>{72903abb-5c55-4c71-a10a-cf676ca45ce9}</UniqueIdentifier>
    </Filter>
    <Filter Include="Sources Files">
      <UniqueIdentifier>{771e3fc8-c1ea-4c2f-b545-8d682ec44748}</UniqueIdentifier>
    </Filter>
    <Filter Include="Ressource files">
      <UniqueIdentifier>{8a1a01e5-3fc5-490e-b615-5cb1be63d8b9}</UniqueIdentifier>
    </Filter>
  </ItemGroup>
  <ItemGroup>
    <ClCompile Include="Main.c">
      <Filter>Sources Files</Filter>
    </ClCompile>
    <ClCompile Include="Game.c">
      <Filter>Sources Files</Filter>
    </ClCompile>
    <ClCompile Include="Grid.c">
      <Filter>Sources Files</Filter>
    </ClCompile>
    <ClCompile Include="Players.c">
      <Filter>Sources Files</Filter>
    </ClCompile>
  </ItemGroup>
  <ItemGroup>
    <ClInclude Include="Basic.h">
      <Filter>Header Files</Filter>
    </ClInclude>
    <ClInclude Include="Game.h">
      <Filter>Header Files</Filter>
    </ClInclude>
    <ClInclude Include="Grid.h">
      <Filter>Header Files</Filter>
    </ClInclude>
    <ClInclude Include="Players.h">
      <Filter>Header Files</Filter>
    </ClInclude>
  </ItemGroup>
</Project>